
Microsoft Visual Studio Solution File, Format Version 12.00
# Visual Studio Version 17
VisualStudioVersion = 17.8.34330.188
MinimumVisualStudioVersion = 10.0.40219.1
Project("{FAE04EC0-301F-11D3-BF4B-00C04F79EFBC}") = "Hinz.Core.Reporting", "Hinz.Core.Reporting\Hinz.Core.Reporting.csproj", "{DA9A6A02-7E16-41D8-B9BA-257A9DF3B32E}"
EndProject
Global
	GlobalSection(SolutionConfigurationPlatforms) = preSolution
		Debug|Any CPU = Debug|Any CPU
		Release|Any CPU = Release|Any CPU
	EndGlobalSection
	GlobalSection(ProjectConfigurationPlatforms) = postSolution
		{DA9A6A02-7E16-41D8-B9BA-257A9DF3B32E}.Debug|Any CPU.ActiveCfg = Debug|Any CPU
		{DA9A6A02-7E16-41D8-B9BA-257A9DF3B32E}.Debug|Any CPU.Build.0 = Debug|Any CPU
		{DA9A6A02-7E16-41D8-B9BA-257A9DF3B32E}.Release|Any CPU.ActiveCfg = Release|Any CPU
		{DA9A6A02-7E16-41D8-B9BA-257A9DF3B32E}.Release|Any CPU.Build.0 = Release|Any CPU
	EndGlobalSection
	GlobalSection(SolutionProperties) = preSolution
		HideSolutionNode = FALSE
	EndGlobalSection
	GlobalSection(ExtensibilityGlobals) = postSolution
		SolutionGuid = {C81ABE5C-A32D-4A68-A004-629D25F313EB}
	EndGlobalSection
EndGlobal
